
Microsoft Visual Studio Solution File, Format Version 12.00
# Visual Studio Version 16
VisualStudioVersion = 16.0.30621.155
MinimumVisualStudioVersion = 10.0.40219.1
Project("{FAE04EC0-301F-11D3-BF4B-00C04F79EFBC}") = "Travail 2", "Travail 2.csproj", "{C6E3CD18-5AA6-4E22-A331-E0E27385758B}"
EndProject
Global
	GlobalSection(SolutionConfigurationPlatforms) = preSolution
		Debug|Any CPU = Debug|Any CPU
		Release|Any CPU = Release|Any CPU
	EndGlobalSection
	GlobalSection(ProjectConfigurationPlatforms) = postSolution
		{C6E3CD18-5AA6-4E22-A331-E0E27385758B}.Debug|Any CPU.ActiveCfg = Debug|Any CPU
		{C6E3CD18-5AA6-4E22-A331-E0E27385758B}.Debug|Any CPU.Build.0 = Debug|Any CPU
		{C6E3CD18-5AA6-4E22-A331-E0E27385758B}.Release|Any CPU.ActiveCfg = Release|Any CPU
		{C6E3CD18-5AA6-4E22-A331-E0E27385758B}.Release|Any CPU.Build.0 = Release|Any CPU
	EndGlobalSection
	GlobalSection(SolutionProperties) = preSolution
		HideSolutionNode = FALSE
	EndGlobalSection
	GlobalSection(ExtensibilityGlobals) = postSolution
		SolutionGuid = {1FDA3C1E-2CE9-4D7D-9FD3-31AC2F87919D}
	EndGlobalSection
EndGlobal
